
Microsoft Visual Studio Solution File, Format Version 12.00
# Visual Studio 2013
VisualStudioVersion = 12.0.31101.0
MinimumVisualStudioVersion = 10.0.40219.1
Project("{FAE04EC0-301F-11D3-BF4B-00C04F79EFBC}") = "Decryption", "Decryption.csproj", "{012AD3EF-5775-429C-8AFB-FFCE4762BEF3}"
EndProject
Project("{FAE04EC0-301F-11D3-BF4B-00C04F79EFBC}") = "DecryptionUnitTests", "UnitTests\DecryptionUnitTests.csproj", "{7FA85683-F656-43EA-ACC7-0D29601534EA}"
EndProject
Project("{F2A71F9B-5D33-465A-A702-920D77279786}") = "DecryptionFs", "DecryptionFs\DecryptionFs.fsproj", "{437C63B7-AC53-4249-91D3-41CBB5F9DE07}"
EndProject
Global
	GlobalSection(SolutionConfigurationPlatforms) = preSolution
		Debug|Any CPU = Debug|Any CPU
		Release|Any CPU = Release|Any CPU
	EndGlobalSection
	GlobalSection(ProjectConfigurationPlatforms) = postSolution
		{012AD3EF-5775-429C-8AFB-FFCE4762BEF3}.Debug|Any CPU.ActiveCfg = Debug|Any CPU
		{012AD3EF-5775-429C-8AFB-FFCE4762BEF3}.Debug|Any CPU.Build.0 = Debug|Any CPU
		{012AD3EF-5775-429C-8AFB-FFCE4762BEF3}.Release|Any CPU.ActiveCfg = Release|Any CPU
		{012AD3EF-5775-429C-8AFB-FFCE4762BEF3}.Release|Any CPU.Build.0 = Release|Any CPU
		{7FA85683-F656-43EA-ACC7-0D29601534EA}.Debug|Any CPU.ActiveCfg = Debug|Any CPU
		{7FA85683-F656-43EA-ACC7-0D29601534EA}.Debug|Any CPU.Build.0 = Debug|Any CPU
		{7FA85683-F656-43EA-ACC7-0D29601534EA}.Release|Any CPU.ActiveCfg = Release|Any CPU
		{7FA85683-F656-43EA-ACC7-0D29601534EA}.Release|Any CPU.Build.0 = Release|Any CPU
		{437C63B7-AC53-4249-91D3-41CBB5F9DE07}.Debug|Any CPU.ActiveCfg = Debug|Any CPU
		{437C63B7-AC53-4249-91D3-41CBB5F9DE07}.Debug|Any CPU.Build.0 = Debug|Any CPU
		{437C63B7-AC53-4249-91D3-41CBB5F9DE07}.Release|Any CPU.ActiveCfg = Release|Any CPU
		{437C63B7-AC53-4249-91D3-41CBB5F9DE07}.Release|Any CPU.Build.0 = Release|Any CPU
	EndGlobalSection
	GlobalSection(SolutionProperties) = preSolution
		HideSolutionNode = FALSE
	EndGlobalSection
EndGlobal
